
Microsoft Visual Studio Solution File, Format Version 12.00
# Visual Studio Version 16
VisualStudioVersion = 16.0.30204.135
MinimumVisualStudioVersion = 10.0.40219.1
Project("{FAE04EC0-301F-11D3-BF4B-00C04F79EFBC}") = "KMP Algo", "KMP Algo\KMP Algo.csproj", "{A2BB19D6-5CC3-4050-860E-971D7A30339B}"
EndProject
Global
	GlobalSection(SolutionConfigurationPlatforms) = preSolution
		Debug|Any CPU = Debug|Any CPU
		Release|Any CPU = Release|Any CPU
	EndGlobalSection
	GlobalSection(ProjectConfigurationPlatforms) = postSolution
		{A2BB19D6-5CC3-4050-860E-971D7A30339B}.Debug|Any CPU.ActiveCfg = Debug|Any CPU
		{A2BB19D6-5CC3-4050-860E-971D7A30339B}.Debug|Any CPU.Build.0 = Debug|Any CPU
		{A2BB19D6-5CC3-4050-860E-971D7A30339B}.Release|Any CPU.ActiveCfg = Release|Any CPU
		{A2BB19D6-5CC3-4050-860E-971D7A30339B}.Release|Any CPU.Build.0 = Release|Any CPU
	EndGlobalSection
	GlobalSection(SolutionProperties) = preSolution
		HideSolutionNode = FALSE
	EndGlobalSection
	GlobalSection(ExtensibilityGlobals) = postSolution
		SolutionGuid = {B4E2748E-7E61-4492-83E8-E8678122E5DD}
	EndGlobalSection
EndGlobal
